
Microsoft Visual Studio Solution File, Format Version 12.00
# Visual Studio Version 16
VisualStudioVersion = 16.0.30804.86
MinimumVisualStudioVersion = 10.0.40219.1
Project("{9A19103F-16F7-4668-BE54-9A1E7A4F7556}") = "Core", "Core.csproj", "{3619D598-49B4-4E18-BA1D-52F2D3FC6676}"
EndProject
Global
	GlobalSection(SolutionConfigurationPlatforms) = preSolution
		Debug|Any CPU = Debug|Any CPU
		Release|Any CPU = Release|Any CPU
	EndGlobalSection
	GlobalSection(ProjectConfigurationPlatforms) = postSolution
		{3619D598-49B4-4E18-BA1D-52F2D3FC6676}.Debug|Any CPU.ActiveCfg = Debug|Any CPU
		{3619D598-49B4-4E18-BA1D-52F2D3FC6676}.Debug|Any CPU.Build.0 = Debug|Any CPU
		{3619D598-49B4-4E18-BA1D-52F2D3FC6676}.Release|Any CPU.ActiveCfg = Release|Any CPU
		{3619D598-49B4-4E18-BA1D-52F2D3FC6676}.Release|Any CPU.Build.0 = Release|Any CPU
	EndGlobalSection
	GlobalSection(SolutionProperties) = preSolution
		HideSolutionNode = FALSE
	EndGlobalSection
	GlobalSection(ExtensibilityGlobals) = postSolution
		SolutionGuid = {D170AD70-1FAC-452F-BC5B-F22C7D5E1FE9}
	EndGlobalSection
EndGlobal
