
Microsoft Visual Studio Solution File, Format Version 12.00
# Visual Studio Version 16
VisualStudioVersion = 16.0.30804.86
MinimumVisualStudioVersion = 10.0.40219.1
Project("{9A19103F-16F7-4668-BE54-9A1E7A4F7556}") = "Api", "Api\Api.csproj", "{3BE124B9-4B7B-4EC2-ADA2-05D75FBCFE07}"
EndProject
Project("{E53339B2-1760-4266-BCC7-CA923CBCF16C}") = "docker-compose", "docker-compose.dcproj", "{AA012525-C153-4E7F-BFA2-32113B1D40CB}"
EndProject
Project("{2150E333-8FDC-42A3-9474-1A3956D46DE8}") = "ApplicationCore", "ApplicationCore", "{296A71C6-4921-47F5-A53A-B4F111EFAFD9}"
EndProject
Project("{2150E333-8FDC-42A3-9474-1A3956D46DE8}") = "Infrastructure", "Infrastructure", "{EE6A96AA-9DBF-4FED-A56A-C784BAB848A7}"
EndProject
Project("{9A19103F-16F7-4668-BE54-9A1E7A4F7556}") = "Api.DomainModels", "Api.DomainModels\Api.DomainModels.csproj", "{54D49A0A-0F06-4E85-972B-2EB16152689E}"
EndProject
Project("{9A19103F-16F7-4668-BE54-9A1E7A4F7556}") = "Api.Core.Shared", "Api.Core.Shared\Api.Core.Shared.csproj", "{A2A9FF61-A803-4D20-A3C9-EFA4448A9F4B}"
EndProject
Project("{9A19103F-16F7-4668-BE54-9A1E7A4F7556}") = "Api.MongoDb.Dtos", "Api.MongoDb.Dtos\Api.MongoDb.Dtos.csproj", "{D5892F72-4C42-464F-93A7-879B5A7898E9}"
EndProject
Project("{9A19103F-16F7-4668-BE54-9A1E7A4F7556}") = "Api.Insfrastructure.Repository", "Api.Insfrastructure.Repository\Api.Insfrastructure.Repository.csproj", "{3D49698E-CE39-412D-9EAD-9F4E5DEC6BAC}"
EndProject
Project("{9A19103F-16F7-4668-BE54-9A1E7A4F7556}") = "Api.Infrastructure.Settings", "Api.Infrastructure.Settings\Api.Infrastructure.Settings.csproj", "{6970D268-6E48-4B32-8879-2A4E0EF0717F}"
EndProject
Project("{9A19103F-16F7-4668-BE54-9A1E7A4F7556}") = "Api.Application.Commands", "Api.Application.Commands\Api.Application.Commands.csproj", "{57E96E43-B100-4E4C-853F-6E4DA6324F06}"
EndProject
Project("{2150E333-8FDC-42A3-9474-1A3956D46DE8}") = "1.Core", "1.Core", "{71C48964-096E-4020-962B-D051619F5546}"
EndProject
Project("{2150E333-8FDC-42A3-9474-1A3956D46DE8}") = "2.Application", "2.Application", "{B48A55E1-40EB-43DD-91D9-4F310E817507}"
EndProject
Project("{9A19103F-16F7-4668-BE54-9A1E7A4F7556}") = "Api.Application.Commands.Handlers", "Api.Application.Commands.Handlers\Api.Application.Commands.Handlers.csproj", "{59D4DE98-481D-4FEB-8A35-5F75CEEB1CF5}"
EndProject
Project("{9A19103F-16F7-4668-BE54-9A1E7A4F7556}") = "Api.Infrastructure.Queries.Handlers", "Api.Infrastructure.Queries.Handlers\Api.Infrastructure.Queries.Handlers.csproj", "{6E8CB531-8D99-4848-BADB-0CF59F57E3D5}"
EndProject
Project("{9A19103F-16F7-4668-BE54-9A1E7A4F7556}") = "Api.Application.Queries", "Api.Application.Queries\Api.Application.Queries.csproj", "{14072563-5E52-43E9-89A3-8CC64016E65A}"
EndProject
Project("{2150E333-8FDC-42A3-9474-1A3956D46DE8}") = "NuGets", "NuGets", "{1EBE1915-CFB7-4C08-8C2D-57315D7013EE}"
EndProject
Project("{9A19103F-16F7-4668-BE54-9A1E7A4F7556}") = "NuGets", "NuGets\NuGets.csproj", "{7644E38B-7AAE-4CFF-8B17-59BD522CB0EC}"
EndProject
Project("{FAE04EC0-301F-11D3-BF4B-00C04F79EFBC}") = "Api.Application.Notifications", "Api.Application.Notifications\Api.Application.Notifications.csproj", "{470797EB-E30C-4549-BF99-29BE2BF8E677}"
EndProject
Project("{FAE04EC0-301F-11D3-BF4B-00C04F79EFBC}") = "Api.Infrastructure.Notification.Handlers", "Api.Infrastructure.Notification.Handlers\Api.Infrastructure.Notification.Handlers.csproj", "{9FD31655-9B1D-477A-AD83-8F4D1BBC16B4}"
EndProject
Global
	GlobalSection(SolutionConfigurationPlatforms) = preSolution
		Debug|Any CPU = Debug|Any CPU
		Release|Any CPU = Release|Any CPU
	EndGlobalSection
	GlobalSection(ProjectConfigurationPlatforms) = postSolution
		{3BE124B9-4B7B-4EC2-ADA2-05D75FBCFE07}.Debug|Any CPU.ActiveCfg = Debug|Any CPU
		{3BE124B9-4B7B-4EC2-ADA2-05D75FBCFE07}.Debug|Any CPU.Build.0 = Debug|Any CPU
		{3BE124B9-4B7B-4EC2-ADA2-05D75FBCFE07}.Release|Any CPU.ActiveCfg = Release|Any CPU
		{3BE124B9-4B7B-4EC2-ADA2-05D75FBCFE07}.Release|Any CPU.Build.0 = Release|Any CPU
		{AA012525-C153-4E7F-BFA2-32113B1D40CB}.Debug|Any CPU.ActiveCfg = Debug|Any CPU
		{AA012525-C153-4E7F-BFA2-32113B1D40CB}.Debug|Any CPU.Build.0 = Debug|Any CPU
		{AA012525-C153-4E7F-BFA2-32113B1D40CB}.Release|Any CPU.ActiveCfg = Release|Any CPU
		{AA012525-C153-4E7F-BFA2-32113B1D40CB}.Release|Any CPU.Build.0 = Release|Any CPU
		{54D49A0A-0F06-4E85-972B-2EB16152689E}.Debug|Any CPU.ActiveCfg = Debug|Any CPU
		{54D49A0A-0F06-4E85-972B-2EB16152689E}.Debug|Any CPU.Build.0 = Debug|Any CPU
		{54D49A0A-0F06-4E85-972B-2EB16152689E}.Release|Any CPU.ActiveCfg = Release|Any CPU
		{54D49A0A-0F06-4E85-972B-2EB16152689E}.Release|Any CPU.Build.0 = Release|Any CPU
		{A2A9FF61-A803-4D20-A3C9-EFA4448A9F4B}.Debug|Any CPU.ActiveCfg = Debug|Any CPU
		{A2A9FF61-A803-4D20-A3C9-EFA4448A9F4B}.Debug|Any CPU.Build.0 = Debug|Any CPU
		{A2A9FF61-A803-4D20-A3C9-EFA4448A9F4B}.Release|Any CPU.ActiveCfg = Release|Any CPU
		{A2A9FF61-A803-4D20-A3C9-EFA4448A9F4B}.Release|Any CPU.Build.0 = Release|Any CPU
		{D5892F72-4C42-464F-93A7-879B5A7898E9}.Debug|Any CPU.ActiveCfg = Debug|Any CPU
		{D5892F72-4C42-464F-93A7-879B5A7898E9}.Debug|Any CPU.Build.0 = Debug|Any CPU
		{D5892F72-4C42-464F-93A7-879B5A7898E9}.Release|Any CPU.ActiveCfg = Release|Any CPU
		{D5892F72-4C42-464F-93A7-879B5A7898E9}.Release|Any CPU.Build.0 = Release|Any CPU
		{3D49698E-CE39-412D-9EAD-9F4E5DEC6BAC}.Debug|Any CPU.ActiveCfg = Debug|Any CPU
		{3D49698E-CE39-412D-9EAD-9F4E5DEC6BAC}.Debug|Any CPU.Build.0 = Debug|Any CPU
		{3D49698E-CE39-412D-9EAD-9F4E5DEC6BAC}.Release|Any CPU.ActiveCfg = Release|Any CPU
		{3D49698E-CE39-412D-9EAD-9F4E5DEC6BAC}.Release|Any CPU.Build.0 = Release|Any CPU
		{6970D268-6E48-4B32-8879-2A4E0EF0717F}.Debug|Any CPU.ActiveCfg = Debug|Any CPU
		{6970D268-6E48-4B32-8879-2A4E0EF0717F}.Debug|Any CPU.Build.0 = Debug|Any CPU
		{6970D268-6E48-4B32-8879-2A4E0EF0717F}.Release|Any CPU.ActiveCfg = Release|Any CPU
		{6970D268-6E48-4B32-8879-2A4E0EF0717F}.Release|Any CPU.Build.0 = Release|Any CPU
		{57E96E43-B100-4E4C-853F-6E4DA6324F06}.Debug|Any CPU.ActiveCfg = Debug|Any CPU
		{57E96E43-B100-4E4C-853F-6E4DA6324F06}.Debug|Any CPU.Build.0 = Debug|Any CPU
		{57E96E43-B100-4E4C-853F-6E4DA6324F06}.Release|Any CPU.ActiveCfg = Release|Any CPU
		{57E96E43-B100-4E4C-853F-6E4DA6324F06}.Release|Any CPU.Build.0 = Release|Any CPU
		{59D4DE98-481D-4FEB-8A35-5F75CEEB1CF5}.Debug|Any CPU.ActiveCfg = Debug|Any CPU
		{59D4DE98-481D-4FEB-8A35-5F75CEEB1CF5}.Debug|Any CPU.Build.0 = Debug|Any CPU
		{59D4DE98-481D-4FEB-8A35-5F75CEEB1CF5}.Release|Any CPU.ActiveCfg = Release|Any CPU
		{59D4DE98-481D-4FEB-8A35-5F75CEEB1CF5}.Release|Any CPU.Build.0 = Release|Any CPU
		{6E8CB531-8D99-4848-BADB-0CF59F57E3D5}.Debug|Any CPU.ActiveCfg = Debug|Any CPU
		{6E8CB531-8D99-4848-BADB-0CF59F57E3D5}.Debug|Any CPU.Build.0 = Debug|Any CPU
		{6E8CB531-8D99-4848-BADB-0CF59F57E3D5}.Release|Any CPU.ActiveCfg = Release|Any CPU
		{6E8CB531-8D99-4848-BADB-0CF59F57E3D5}.Release|Any CPU.Build.0 = Release|Any CPU
		{14072563-5E52-43E9-89A3-8CC64016E65A}.Debug|Any CPU.ActiveCfg = Debug|Any CPU
		{14072563-5E52-43E9-89A3-8CC64016E65A}.Debug|Any CPU.Build.0 = Debug|Any CPU
		{14072563-5E52-43E9-89A3-8CC64016E65A}.Release|Any CPU.ActiveCfg = Release|Any CPU
		{14072563-5E52-43E9-89A3-8CC64016E65A}.Release|Any CPU.Build.0 = Release|Any CPU
		{7644E38B-7AAE-4CFF-8B17-59BD522CB0EC}.Debug|Any CPU.ActiveCfg = Debug|Any CPU
		{7644E38B-7AAE-4CFF-8B17-59BD522CB0EC}.Debug|Any CPU.Build.0 = Debug|Any CPU
		{7644E38B-7AAE-4CFF-8B17-59BD522CB0EC}.Release|Any CPU.ActiveCfg = Release|Any CPU
		{7644E38B-7AAE-4CFF-8B17-59BD522CB0EC}.Release|Any CPU.Build.0 = Release|Any CPU
		{470797EB-E30C-4549-BF99-29BE2BF8E677}.Debug|Any CPU.ActiveCfg = Debug|Any CPU
		{470797EB-E30C-4549-BF99-29BE2BF8E677}.Debug|Any CPU.Build.0 = Debug|Any CPU
		{470797EB-E30C-4549-BF99-29BE2BF8E677}.Release|Any CPU.ActiveCfg = Release|Any CPU
		{470797EB-E30C-4549-BF99-29BE2BF8E677}.Release|Any CPU.Build.0 = Release|Any CPU
		{9FD31655-9B1D-477A-AD83-8F4D1BBC16B4}.Debug|Any CPU.ActiveCfg = Debug|Any CPU
		{9FD31655-9B1D-477A-AD83-8F4D1BBC16B4}.Debug|Any CPU.Build.0 = Debug|Any CPU
		{9FD31655-9B1D-477A-AD83-8F4D1BBC16B4}.Release|Any CPU.ActiveCfg = Release|Any CPU
		{9FD31655-9B1D-477A-AD83-8F4D1BBC16B4}.Release|Any CPU.Build.0 = Release|Any CPU
	EndGlobalSection
	GlobalSection(SolutionProperties) = preSolution
		HideSolutionNode = FALSE
	EndGlobalSection
	GlobalSection(NestedProjects) = preSolution
		{54D49A0A-0F06-4E85-972B-2EB16152689E} = {71C48964-096E-4020-962B-D051619F5546}
		{A2A9FF61-A803-4D20-A3C9-EFA4448A9F4B} = {71C48964-096E-4020-962B-D051619F5546}
		{D5892F72-4C42-464F-93A7-879B5A7898E9} = {EE6A96AA-9DBF-4FED-A56A-C784BAB848A7}
		{3D49698E-CE39-412D-9EAD-9F4E5DEC6BAC} = {EE6A96AA-9DBF-4FED-A56A-C784BAB848A7}
		{6970D268-6E48-4B32-8879-2A4E0EF0717F} = {EE6A96AA-9DBF-4FED-A56A-C784BAB848A7}
		{57E96E43-B100-4E4C-853F-6E4DA6324F06} = {B48A55E1-40EB-43DD-91D9-4F310E817507}
		{71C48964-096E-4020-962B-D051619F5546} = {296A71C6-4921-47F5-A53A-B4F111EFAFD9}
		{B48A55E1-40EB-43DD-91D9-4F310E817507} = {296A71C6-4921-47F5-A53A-B4F111EFAFD9}
		{59D4DE98-481D-4FEB-8A35-5F75CEEB1CF5} = {B48A55E1-40EB-43DD-91D9-4F310E817507}
		{6E8CB531-8D99-4848-BADB-0CF59F57E3D5} = {EE6A96AA-9DBF-4FED-A56A-C784BAB848A7}
		{14072563-5E52-43E9-89A3-8CC64016E65A} = {B48A55E1-40EB-43DD-91D9-4F310E817507}
		{7644E38B-7AAE-4CFF-8B17-59BD522CB0EC} = {1EBE1915-CFB7-4C08-8C2D-57315D7013EE}
		{470797EB-E30C-4549-BF99-29BE2BF8E677} = {B48A55E1-40EB-43DD-91D9-4F310E817507}
		{9FD31655-9B1D-477A-AD83-8F4D1BBC16B4} = {EE6A96AA-9DBF-4FED-A56A-C784BAB848A7}
	EndGlobalSection
	GlobalSection(ExtensibilityGlobals) = postSolution
		SolutionGuid = {D36D9C10-FCD0-4D40-9A11-F3EA5C03E7E1}
	EndGlobalSection
EndGlobal
